// !$*UTF8*$!
{
	archiveVersion = 1;
	classes = {
	};
	objectVersion = 55;
	objects = {

/* Begin PBXBuildFile section */
		8FF6C6AC28B256E000AEC2E7 /* AppDelegate.swift in Sources */ = {isa = PBXBuildFile; fileRef = 8FF6C6AB28B256E000AEC2E7 /* AppDelegate.swift */; };
		8FF6C6AE28B256E000AEC2E7 /* SceneDelegate.swift in Sources */ = {isa = PBXBuildFile; fileRef = 8FF6C6AD28B256E000AEC2E7 /* SceneDelegate.swift */; };
		8FF6C6B028B256E000AEC2E7 /* ViewController.swift in Sources */ = {isa = PBXBuildFile; fileRef = 8FF6C6AF28B256E000AEC2E7 /* ViewController.swift */; };
		8FF6C6B328B256E000AEC2E7 /* Main.storyboard in Resources */ = {isa = PBXBuildFile; fileRef = 8FF6C6B128B256E000AEC2E7 /* Main.storyboard */; };
		8FF6C6B528B256E000AEC2E7 /* Assets.xcassets in Resources */ = {isa = PBXBuildFile; fileRef = 8FF6C6B428B256E000AEC2E7 /* Assets.xcassets */; };
		8FF6C6B828B256E000AEC2E7 /* LaunchScreen.storyboard in Resources */ = {isa = PBXBuildFile; fileRef = 8FF6C6B628B256E000AEC2E7 /* LaunchScreen.storyboard */; };
		8FF6C6C128B2575E00AEC2E7 /* SnapKit in Frameworks */ = {isa = PBXBuildFile; productRef = 8FF6C6C028B2575E00AEC2E7 /* SnapKit */; };
		8FF6C6C328B2578600AEC2E7 /* WriteView.swift in Sources */ = {isa = PBXBuildFile; fileRef = 8FF6C6C228B2578600AEC2E7 /* WriteView.swift */; };
		8FF6C6C728B257D100AEC2E7 /* BlackRadiusTextField.swift in Sources */ = {isa = PBXBuildFile; fileRef = 8FF6C6C628B257D100AEC2E7 /* BlackRadiusTextField.swift */; };
		8FF6C6C928B257E800AEC2E7 /* BaseViewController.swift in Sources */ = {isa = PBXBuildFile; fileRef = 8FF6C6C828B257E800AEC2E7 /* BaseViewController.swift */; };
		8FF6C6CB28B257F900AEC2E7 /* BaseView.swift in Sources */ = {isa = PBXBuildFile; fileRef = 8FF6C6CA28B257F900AEC2E7 /* BaseView.swift */; };
		8FF6C6CD28B2586400AEC2E7 /* WriteViewController.swift in Sources */ = {isa = PBXBuildFile; fileRef = 8FF6C6CC28B2586400AEC2E7 /* WriteViewController.swift */; };
		8FF6C6CF28B25D0900AEC2E7 /* SearchViewController.swift in Sources */ = {isa = PBXBuildFile; fileRef = 8FF6C6CE28B25D0900AEC2E7 /* SearchViewController.swift */; };
		8FF6C6D128B25DE200AEC2E7 /* SearchView.swift in Sources */ = {isa = PBXBuildFile; fileRef = 8FF6C6D028B25DE200AEC2E7 /* SearchView.swift */; };
		8FF6C6D328B2653D00AEC2E7 /* SearchCollectionViewCell.swift in Sources */ = {isa = PBXBuildFile; fileRef = 8FF6C6D228B2653D00AEC2E7 /* SearchCollectionViewCell.swift */; };
		8FF6C6D528B2665400AEC2E7 /* BaseCollectionViewCell.swift in Sources */ = {isa = PBXBuildFile; fileRef = 8FF6C6D428B2665400AEC2E7 /* BaseCollectionViewCell.swift */; };
/* End PBXBuildFile section */

/* Begin PBXFileReference section */
		8FF6C6A828B256E000AEC2E7 /* Diary.app */ = {isa = PBXFileReference; explicitFileType = wrapper.application; includeInIndex = 0; path = Diary.app; sourceTree = BUILT_PRODUCTS_DIR; };
		8FF6C6AB28B256E000AEC2E7 /* AppDelegate.swift */ = {isa = PBXFileReference; lastKnownFileType = sourcecode.swift; path = AppDelegate.swift; sourceTree = "<group>"; };
		8FF6C6AD28B256E000AEC2E7 /* SceneDelegate.swift */ = {isa = PBXFileReference; lastKnownFileType = sourcecode.swift; path = SceneDelegate.swift; sourceTree = "<group>"; };
		8FF6C6AF28B256E000AEC2E7 /* ViewController.swift */ = {isa = PBXFileReference; lastKnownFileType = sourcecode.swift; path = ViewController.swift; sourceTree = "<group>"; };
		8FF6C6B228B256E000AEC2E7 /* Base */ = {isa = PBXFileReference; lastKnownFileType = file.storyboard; name = Base; path = Base.lproj/Main.storyboard; sourceTree = "<group>"; };
		8FF6C6B428B256E000AEC2E7 /* Assets.xcassets */ = {isa = PBXFileReference; lastKnownFileType = folder.assetcatalog; path = Assets.xcassets; sourceTree = "<group>"; };
		8FF6C6B728B256E000AEC2E7 /* Base */ = {isa = PBXFileReference; lastKnownFileType = file.storyboard; name = Base; path = Base.lproj/LaunchScreen.storyboard; sourceTree = "<group>"; };
		8FF6C6B928B256E000AEC2E7 /* Info.plist */ = {isa = PBXFileReference; lastKnownFileType = text.plist.xml; path = Info.plist; sourceTree = "<group>"; };
		8FF6C6C228B2578600AEC2E7 /* WriteView.swift */ = {isa = PBXFileReference; lastKnownFileType = sourcecode.swift; path = WriteView.swift; sourceTree = "<group>"; };
		8FF6C6C628B257D100AEC2E7 /* BlackRadiusTextField.swift */ = {isa = PBXFileReference; lastKnownFileType = sourcecode.swift; path = BlackRadiusTextField.swift; sourceTree = "<group>"; };
		8FF6C6C828B257E800AEC2E7 /* BaseViewController.swift */ = {isa = PBXFileReference; lastKnownFileType = sourcecode.swift; path = BaseViewController.swift; sourceTree = "<group>"; };
		8FF6C6CA28B257F900AEC2E7 /* BaseView.swift */ = {isa = PBXFileReference; lastKnownFileType = sourcecode.swift; path = BaseView.swift; sourceTree = "<group>"; };
		8FF6C6CC28B2586400AEC2E7 /* WriteViewController.swift */ = {isa = PBXFileReference; lastKnownFileType = sourcecode.swift; path = WriteViewController.swift; sourceTree = "<group>"; };
		8FF6C6CE28B25D0900AEC2E7 /* SearchViewController.swift */ = {isa = PBXFileReference; lastKnownFileType = sourcecode.swift; path = SearchViewController.swift; sourceTree = "<group>"; };
		8FF6C6D028B25DE200AEC2E7 /* SearchView.swift */ = {isa = PBXFileReference; lastKnownFileType = sourcecode.swift; path = SearchView.swift; sourceTree = "<group>"; };
		8FF6C6D228B2653D00AEC2E7 /* SearchCollectionViewCell.swift */ = {isa = PBXFileReference; lastKnownFileType = sourcecode.swift; path = SearchCollectionViewCell.swift; sourceTree = "<group>"; };
		8FF6C6D428B2665400AEC2E7 /* BaseCollectionViewCell.swift */ = {isa = PBXFileReference; lastKnownFileType = sourcecode.swift; path = BaseCollectionViewCell.swift; sourceTree = "<group>"; };
/* End PBXFileReference section */

/* Begin PBXFrameworksBuildPhase section */
		8FF6C6A528B256E000AEC2E7 /* Frameworks */ = {
			isa = PBXFrameworksBuildPhase;
			buildActionMask = 2147483647;
			files = (
				8FF6C6C128B2575E00AEC2E7 /* SnapKit in Frameworks */,
			);
			runOnlyForDeploymentPostprocessing = 0;
		};
/* End PBXFrameworksBuildPhase section */

/* Begin PBXGroup section */
		8FF6C69F28B256E000AEC2E7 = {
			isa = PBXGroup;
			children = (
				8FF6C6AA28B256E000AEC2E7 /* Diary */,
				8FF6C6A928B256E000AEC2E7 /* Products */,
			);
			sourceTree = "<group>";
		};
		8FF6C6A928B256E000AEC2E7 /* Products */ = {
			isa = PBXGroup;
			children = (
				8FF6C6A828B256E000AEC2E7 /* Diary.app */,
			);
			name = Products;
			sourceTree = "<group>";
		};
		8FF6C6AA28B256E000AEC2E7 /* Diary */ = {
			isa = PBXGroup;
			children = (
				8FF6C6AB28B256E000AEC2E7 /* AppDelegate.swift */,
				8FF6C6AD28B256E000AEC2E7 /* SceneDelegate.swift */,
				8FF6C6AF28B256E000AEC2E7 /* ViewController.swift */,
				8FF6C6B128B256E000AEC2E7 /* Main.storyboard */,
				8FF6C6C228B2578600AEC2E7 /* WriteView.swift */,
				8FF6C6CC28B2586400AEC2E7 /* WriteViewController.swift */,
				8FF6C6CE28B25D0900AEC2E7 /* SearchViewController.swift */,
				8FF6C6D028B25DE200AEC2E7 /* SearchView.swift */,
				8FF6C6D228B2653D00AEC2E7 /* SearchCollectionViewCell.swift */,
				8FF6C6C428B2579500AEC2E7 /* Utility */,
				8FF6C6B428B256E000AEC2E7 /* Assets.xcassets */,
				8FF6C6B628B256E000AEC2E7 /* LaunchScreen.storyboard */,
				8FF6C6B928B256E000AEC2E7 /* Info.plist */,
			);
			path = Diary;
			sourceTree = "<group>";
		};
		8FF6C6C428B2579500AEC2E7 /* Utility */ = {
			isa = PBXGroup;
			children = (
				8FF6C6C528B2579F00AEC2E7 /* CustomView */,
				8FF6C6C828B257E800AEC2E7 /* BaseViewController.swift */,
				8FF6C6CA28B257F900AEC2E7 /* BaseView.swift */,
				8FF6C6D428B2665400AEC2E7 /* BaseCollectionViewCell.swift */,
			);
			path = Utility;
			sourceTree = "<group>";
		};
		8FF6C6C528B2579F00AEC2E7 /* CustomView */ = {
			isa = PBXGroup;
			children = (
				8FF6C6C628B257D100AEC2E7 /* BlackRadiusTextField.swift */,
			);
			path = CustomView;
			sourceTree = "<group>";
		};
/* End PBXGroup section */

/* Begin PBXNativeTarget section */
		8FF6C6A728B256E000AEC2E7 /* Diary */ = {
			isa = PBXNativeTarget;
			buildConfigurationList = 8FF6C6BC28B256E000AEC2E7 /* Build configuration list for PBXNativeTarget "Diary" */;
			buildPhases = (
				8FF6C6A428B256E000AEC2E7 /* Sources */,
				8FF6C6A528B256E000AEC2E7 /* Frameworks */,
				8FF6C6A628B256E000AEC2E7 /* Resources */,
			);
			buildRules = (
			);
			dependencies = (
			);
			name = Diary;
			packageProductDependencies = (
				8FF6C6C028B2575E00AEC2E7 /* SnapKit */,
			);
			productName = Diary;
			productReference = 8FF6C6A828B256E000AEC2E7 /* Diary.app */;
			productType = "com.apple.product-type.application";
		};
/* End PBXNativeTarget section */

/* Begin PBXProject section */
		8FF6C6A028B256E000AEC2E7 /* Project object */ = {
			isa = PBXProject;
			attributes = {
				BuildIndependentTargetsInParallel = 1;
				LastSwiftUpdateCheck = 1340;
				LastUpgradeCheck = 1340;
				TargetAttributes = {
					8FF6C6A728B256E000AEC2E7 = {
						CreatedOnToolsVersion = 13.4.1;
					};
				};
			};
			buildConfigurationList = 8FF6C6A328B256E000AEC2E7 /* Build configuration list for PBXProject "Diary" */;
			compatibilityVersion = "Xcode 13.0";
			developmentRegion = en;
			hasScannedForEncodings = 0;
			knownRegions = (
				en,
				Base,
			);
			mainGroup = 8FF6C69F28B256E000AEC2E7;
			packageReferences = (
				8FF6C6BF28B2575E00AEC2E7 /* XCRemoteSwiftPackageReference "SnapKit" */,
			);
			productRefGroup = 8FF6C6A928B256E000AEC2E7 /* Products */;
			projectDirPath = "";
			projectRoot = "";
			targets = (
				8FF6C6A728B256E000AEC2E7 /* Diary */,
			);
		};
/* End PBXProject section */

/* Begin PBXResourcesBuildPhase section */
		8FF6C6A628B256E000AEC2E7 /* Resources */ = {
			isa = PBXResourcesBuildPhase;
			buildActionMask = 2147483647;
			files = (
				8FF6C6B828B256E000AEC2E7 /* LaunchScreen.storyboard in Resources */,
				8FF6C6B528B256E000AEC2E7 /* Assets.xcassets in Resources */,
				8FF6C6B328B256E000AEC2E7 /* Main.storyboard in Resources */,
			);
			runOnlyForDeploymentPostprocessing = 0;
		};
/* End PBXResourcesBuildPhase section */

/* Begin PBXSourcesBuildPhase section */
		8FF6C6A428B256E000AEC2E7 /* Sources */ = {
			isa = PBXSourcesBuildPhase;
			buildActionMask = 2147483647;
			files = (
				8FF6C6D128B25DE200AEC2E7 /* SearchView.swift in Sources */,
				8FF6C6C328B2578600AEC2E7 /* WriteView.swift in Sources */,
				8FF6C6D328B2653D00AEC2E7 /* SearchCollectionViewCell.swift in Sources */,
				8FF6C6B028B256E000AEC2E7 /* ViewController.swift in Sources */,
				8FF6C6AC28B256E000AEC2E7 /* AppDelegate.swift in Sources */,
				8FF6C6D528B2665400AEC2E7 /* BaseCollectionViewCell.swift in Sources */,
				8FF6C6CF28B25D0900AEC2E7 /* SearchViewController.swift in Sources */,
				8FF6C6C728B257D100AEC2E7 /* BlackRadiusTextField.swift in Sources */,
				8FF6C6CB28B257F900AEC2E7 /* BaseView.swift in Sources */,
				8FF6C6AE28B256E000AEC2E7 /* SceneDelegate.swift in Sources */,
				8FF6C6CD28B2586400AEC2E7 /* WriteViewController.swift in Sources */,
				8FF6C6C928B257E800AEC2E7 /* BaseViewController.swift in Sources */,
			);
			runOnlyForDeploymentPostprocessing = 0;
		};
/* End PBXSourcesBuildPhase section */

/* Begin PBXVariantGroup section */
		8FF6C6B128B256E000AEC2E7 /* Main.storyboard */ = {
			isa = PBXVariantGroup;
			children = (
				8FF6C6B228B256E000AEC2E7 /* Base */,
			);
			name = Main.storyboard;
			sourceTree = "<group>";
		};
		8FF6C6B628B256E000AEC2E7 /* LaunchScreen.storyboard */ = {
			isa = PBXVariantGroup;
			children = (
				8FF6C6B728B256E000AEC2E7 /* Base */,
			);
			name = LaunchScreen.storyboard;
			sourceTree = "<group>";
		};
/* End PBXVariantGroup section */

/* Begin XCBuildConfiguration section */
		8FF6C6BA28B256E000AEC2E7 /* Debug */ = {
			isa = XCBuildConfiguration;
			buildSettings = {
				ALWAYS_SEARCH_USER_PATHS = NO;
				CLANG_ANALYZER_NONNULL = YES;
				CLANG_ANALYZER_NUMBER_OBJECT_CONVERSION = YES_AGGRESSIVE;
				CLANG_CXX_LANGUAGE_STANDARD = "gnu++17";
				CLANG_ENABLE_MODULES = YES;
				CLANG_ENABLE_OBJC_ARC = YES;
				CLANG_ENABLE_OBJC_WEAK = YES;
				CLANG_WARN_BLOCK_CAPTURE_AUTORELEASING = YES;
				CLANG_WARN_BOOL_CONVERSION = YES;
				CLANG_WARN_COMMA = YES;
				CLANG_WARN_CONSTANT_CONVERSION = YES;
				CLANG_WARN_DEPRECATED_OBJC_IMPLEMENTATIONS = YES;
				CLANG_WARN_DIRECT_OBJC_ISA_USAGE = YES_ERROR;
				CLANG_WARN_DOCUMENTATION_COMMENTS = YES;
				CLANG_WARN_EMPTY_BODY = YES;
				CLANG_WARN_ENUM_CONVERSION = YES;
				CLANG_WARN_INFINITE_RECURSION = YES;
				CLANG_WARN_INT_CONVERSION = YES;
				CLANG_WARN_NON_LITERAL_NULL_CONVERSION = YES;
				CLANG_WARN_OBJC_IMPLICIT_RETAIN_SELF = YES;
				CLANG_WARN_OBJC_LITERAL_CONVERSION = YES;
				CLANG_WARN_OBJC_ROOT_CLASS = YES_ERROR;
				CLANG_WARN_QUOTED_INCLUDE_IN_FRAMEWORK_HEADER = YES;
				CLANG_WARN_RANGE_LOOP_ANALYSIS = YES;
				CLANG_WARN_STRICT_PROTOTYPES = YES;
				CLANG_WARN_SUSPICIOUS_MOVE = YES;
				CLANG_WARN_UNGUARDED_AVAILABILITY = YES_AGGRESSIVE;
				CLANG_WARN_UNREACHABLE_CODE = YES;
				CLANG_WARN__DUPLICATE_METHOD_MATCH = YES;
				COPY_PHASE_STRIP = NO;
				DEBUG_INFORMATION_FORMAT = dwarf;
				ENABLE_STRICT_OBJC_MSGSEND = YES;
				ENABLE_TESTABILITY = YES;
				GCC_C_LANGUAGE_STANDARD = gnu11;
				GCC_DYNAMIC_NO_PIC = NO;
				GCC_NO_COMMON_BLOCKS = YES;
				GCC_OPTIMIZATION_LEVEL = 0;
				GCC_PREPROCESSOR_DEFINITIONS = (
					"DEBUG=1",
					"$(inherited)",
				);
				GCC_WARN_64_TO_32_BIT_CONVERSION = YES;
				GCC_WARN_ABOUT_RETURN_TYPE = YES_ERROR;
				GCC_WARN_UNDECLARED_SELECTOR = YES;
				GCC_WARN_UNINITIALIZED_AUTOS = YES_AGGRESSIVE;
				GCC_WARN_UNUSED_FUNCTION = YES;
				GCC_WARN_UNUSED_VARIABLE = YES;
				IPHONEOS_DEPLOYMENT_TARGET = 15.5;
				MTL_ENABLE_DEBUG_INFO = INCLUDE_SOURCE;
				MTL_FAST_MATH = YES;
				ONLY_ACTIVE_ARCH = YES;
				SDKROOT = iphoneos;
				SWIFT_ACTIVE_COMPILATION_CONDITIONS = DEBUG;
				SWIFT_OPTIMIZATION_LEVEL = "-Onone";
			};
			name = Debug;
		};
		8FF6C6BB28B256E000AEC2E7 /* Release */ = {
			isa = XCBuildConfiguration;
			buildSettings = {
				ALWAYS_SEARCH_USER_PATHS = NO;
				CLANG_ANALYZER_NONNULL = YES;
				CLANG_ANALYZER_NUMBER_OBJECT_CONVERSION = YES_AGGRESSIVE;
				CLANG_CXX_LANGUAGE_STANDARD = "gnu++17";
				CLANG_ENABLE_MODULES = YES;
				CLANG_ENABLE_OBJC_ARC = YES;
				CLANG_ENABLE_OBJC_WEAK = YES;
				CLANG_WARN_BLOCK_CAPTURE_AUTORELEASING = YES;
				CLANG_WARN_BOOL_CONVERSION = YES;
				CLANG_WARN_COMMA = YES;
				CLANG_WARN_CONSTANT_CONVERSION = YES;
				CLANG_WARN_DEPRECATED_OBJC_IMPLEMENTATIONS = YES;
				CLANG_WARN_DIRECT_OBJC_ISA_USAGE = YES_ERROR;
				CLANG_WARN_DOCUMENTATION_COMMENTS = YES;
				CLANG_WARN_EMPTY_BODY = YES;
				CLANG_WARN_ENUM_CONVERSION = YES;
				CLANG_WARN_INFINITE_RECURSION = YES;
				CLANG_WARN_INT_CONVERSION = YES;
				CLANG_WARN_NON_LITERAL_NULL_CONVERSION = YES;
				CLANG_WARN_OBJC_IMPLICIT_RETAIN_SELF = YES;
				CLANG_WARN_OBJC_LITERAL_CONVERSION = YES;
				CLANG_WARN_OBJC_ROOT_CLASS = YES_ERROR;
				CLANG_WARN_QUOTED_INCLUDE_IN_FRAMEWORK_HEADER = YES;
				CLANG_WARN_RANGE_LOOP_ANALYSIS = YES;
				CLANG_WARN_STRICT_PROTOTYPES = YES;
				CLANG_WARN_SUSPICIOUS_MOVE = YES;
				CLANG_WARN_UNGUARDED_AVAILABILITY = YES_AGGRESSIVE;
				CLANG_WARN_UNREACHABLE_CODE = YES;
				CLANG_WARN__DUPLICATE_METHOD_MATCH = YES;
				COPY_PHASE_STRIP = NO;
				DEBUG_INFORMATION_FORMAT = "dwarf-with-dsym";
				ENABLE_NS_ASSERTIONS = NO;
				ENABLE_STRICT_OBJC_MSGSEND = YES;
				GCC_C_LANGUAGE_STANDARD = gnu11;
				GCC_NO_COMMON_BLOCKS = YES;
				GCC_WARN_64_TO_32_BIT_CONVERSION = YES;
				GCC_WARN_ABOUT_RETURN_TYPE = YES_ERROR;
				GCC_WARN_UNDECLARED_SELECTOR = YES;
				GCC_WARN_UNINITIALIZED_AUTOS = YES_AGGRESSIVE;
				GCC_WARN_UNUSED_FUNCTION = YES;
				GCC_WARN_UNUSED_VARIABLE = YES;
				IPHONEOS_DEPLOYMENT_TARGET = 15.5;
				MTL_ENABLE_DEBUG_INFO = NO;
				MTL_FAST_MATH = YES;
				SDKROOT = iphoneos;
				SWIFT_COMPILATION_MODE = wholemodule;
				SWIFT_OPTIMIZATION_LEVEL = "-O";
				VALIDATE_PRODUCT = YES;
			};
			name = Release;
		};
		8FF6C6BD28B256E000AEC2E7 /* Debug */ = {
			isa = XCBuildConfiguration;
			buildSettings = {
				ASSETCATALOG_COMPILER_APPICON_NAME = AppIcon;
				ASSETCATALOG_COMPILER_GLOBAL_ACCENT_COLOR_NAME = AccentColor;
				CODE_SIGN_STYLE = Automatic;
				CURRENT_PROJECT_VERSION = 1;
				DEVELOPMENT_TEAM = Z56UT2Z9KH;
				GENERATE_INFOPLIST_FILE = YES;
				INFOPLIST_FILE = Diary/Info.plist;
				INFOPLIST_KEY_UIApplicationSupportsIndirectInputEvents = YES;
				INFOPLIST_KEY_UILaunchStoryboardName = LaunchScreen;
				INFOPLIST_KEY_UIMainStoryboardFile = Main;
				INFOPLIST_KEY_UISupportedInterfaceOrientations_iPad = "UIInterfaceOrientationPortrait UIInterfaceOrientationPortraitUpsideDown UIInterfaceOrientationLandscapeLeft UIInterfaceOrientationLandscapeRight";
				INFOPLIST_KEY_UISupportedInterfaceOrientations_iPhone = "UIInterfaceOrientationPortrait UIInterfaceOrientationLandscapeLeft UIInterfaceOrientationLandscapeRight";
				LD_RUNPATH_SEARCH_PATHS = (
					"$(inherited)",
					"@executable_path/Frameworks",
				);
				MARKETING_VERSION = 1.0;
				PRODUCT_BUNDLE_IDENTIFIER = com.ohlee.Diary;
				PRODUCT_NAME = "$(TARGET_NAME)";
				SWIFT_EMIT_LOC_STRINGS = YES;
				SWIFT_VERSION = 5.0;
				TARGETED_DEVICE_FAMILY = "1,2";
			};
			name = Debug;
		};
		8FF6C6BE28B256E000AEC2E7 /* Release */ = {
			isa = XCBuildConfiguration;
			buildSettings = {
				ASSETCATALOG_COMPILER_APPICON_NAME = AppIcon;
				ASSETCATALOG_COMPILER_GLOBAL_ACCENT_COLOR_NAME = AccentColor;
				CODE_SIGN_STYLE = Automatic;
				CURRENT_PROJECT_VERSION = 1;
				DEVELOPMENT_TEAM = Z56UT2Z9KH;
				GENERATE_INFOPLIST_FILE = YES;
				INFOPLIST_FILE = Diary/Info.plist;
				INFOPLIST_KEY_UIApplicationSupportsIndirectInputEvents = YES;
				INFOPLIST_KEY_UILaunchStoryboardName = LaunchScreen;
				INFOPLIST_KEY_UIMainStoryboardFile = Main;
				INFOPLIST_KEY_UISupportedInterfaceOrientations_iPad = "UIInterfaceOrientationPortrait UIInterfaceOrientationPortraitUpsideDown UIInterfaceOrientationLandscapeLeft UIInterfaceOrientationLandscapeRight";
				INFOPLIST_KEY_UISupportedInterfaceOrientations_iPhone = "UIInterfaceOrientationPortrait UIInterfaceOrientationLandscapeLeft UIInterfaceOrientationLandscapeRight";
				LD_RUNPATH_SEARCH_PATHS = (
					"$(inherited)",
					"@executable_path/Frameworks",
				);
				MARKETING_VERSION = 1.0;
				PRODUCT_BUNDLE_IDENTIFIER = com.ohlee.Diary;
				PRODUCT_NAME = "$(TARGET_NAME)";
				SWIFT_EMIT_LOC_STRINGS = YES;
				SWIFT_VERSION = 5.0;
				TARGETED_DEVICE_FAMILY = "1,2";
			};
			name = Release;
		};
/* End XCBuildConfiguration section */

/* Begin XCConfigurationList section */
		8FF6C6A328B256E000AEC2E7 /* Build configuration list for PBXProject "Diary" */ = {
			isa = XCConfigurationList;
			buildConfigurations = (
				8FF6C6BA28B256E000AEC2E7 /* Debug */,
				8FF6C6BB28B256E000AEC2E7 /* Release */,
			);
			defaultConfigurationIsVisible = 0;
			defaultConfigurationName = Release;
		};
		8FF6C6BC28B256E000AEC2E7 /* Build configuration list for PBXNativeTarget "Diary" */ = {
			isa = XCConfigurationList;
			buildConfigurations = (
				8FF6C6BD28B256E000AEC2E7 /* Debug */,
				8FF6C6BE28B256E000AEC2E7 /* Release */,
			);
			defaultConfigurationIsVisible = 0;
			defaultConfigurationName = Release;
		};
/* End XCConfigurationList section */

/* Begin XCRemoteSwiftPackageReference section */
		8FF6C6BF28B2575E00AEC2E7 /* XCRemoteSwiftPackageReference "SnapKit" */ = {
			isa = XCRemoteSwiftPackageReference;
			repositoryURL = "https://github.com/SnapKit/SnapKit.git";
			requirement = {
				kind = upToNextMajorVersion;
				minimumVersion = 5.0.0;
			};
		};
/* End XCRemoteSwiftPackageReference section */

/* Begin XCSwiftPackageProductDependency section */
		8FF6C6C028B2575E00AEC2E7 /* SnapKit */ = {
			isa = XCSwiftPackageProductDependency;
			package = 8FF6C6BF28B2575E00AEC2E7 /* XCRemoteSwiftPackageReference "SnapKit" */;
			productName = SnapKit;
		};
/* End XCSwiftPackageProductDependency section */
	};
	rootObject = 8FF6C6A028B256E000AEC2E7 /* Project object */;
}
